<Solution>
  <Folder Name="/src/">
    <Project Path="src/Mma.SqlStudio.SqlServer/Mma.SqlStudio.SqlServer.csproj" />
  </Folder>
  <Folder Name="/tests/">
    <Project Path="tests/Mma.SqlStudio.TestApi/Mma.SqlStudio.TestApi.csproj" Id="09aa3b7f-163b-4d4b-b474-b99be7a82baa" />
    <Project Path="tests/Mma.SqlStudio.TestApp/Mma.SqlStudio.TestApp.csproj" />
  </Folder>
</Solution>
